
Microsoft Visual Studio Solution File, Format Version 12.00
Project("{FAE04EC0-301F-11D3-BF4B-00C04F79EFBC}") = "Producer", "src\ServiceBusDemo\Producer\Producer.csproj", "{5F4D21C2-575F-495F-A194-B712C6B0A108}"
EndProject
Project("{FAE04EC0-301F-11D3-BF4B-00C04F79EFBC}") = "Consumer", "src\ServiceBusDemo\Consumer\Consumer.csproj", "{B9D92BA9-1DAD-4C63-A698-464DC098052B}"
EndProject
Global
	GlobalSection(SolutionConfigurationPlatforms) = preSolution
		Debug|Any CPU = Debug|Any CPU
		Release|Any CPU = Release|Any CPU
	EndGlobalSection
	GlobalSection(ProjectConfigurationPlatforms) = postSolution
		{5F4D21C2-575F-495F-A194-B712C6B0A108}.Debug|Any CPU.ActiveCfg = Debug|Any CPU
		{5F4D21C2-575F-495F-A194-B712C6B0A108}.Debug|Any CPU.Build.0 = Debug|Any CPU
		{5F4D21C2-575F-495F-A194-B712C6B0A108}.Release|Any CPU.ActiveCfg = Release|Any CPU
		{5F4D21C2-575F-495F-A194-B712C6B0A108}.Release|Any CPU.Build.0 = Release|Any CPU
		{B9D92BA9-1DAD-4C63-A698-464DC098052B}.Debug|Any CPU.ActiveCfg = Debug|Any CPU
		{B9D92BA9-1DAD-4C63-A698-464DC098052B}.Debug|Any CPU.Build.0 = Debug|Any CPU
		{B9D92BA9-1DAD-4C63-A698-464DC098052B}.Release|Any CPU.ActiveCfg = Release|Any CPU
		{B9D92BA9-1DAD-4C63-A698-464DC098052B}.Release|Any CPU.Build.0 = Release|Any CPU
	EndGlobalSection
EndGlobal
